
Microsoft Visual Studio Solution File, Format Version 12.00
# Visual Studio Version 16
VisualStudioVersion = 16.0.29503.13
MinimumVisualStudioVersion = 10.0.40219.1
Project("{FAE04EC0-301F-11D3-BF4B-00C04F79EFBC}") = "ABFview", "ABFview\ABFview.csproj", "{3378AA36-AABA-429F-96D8-9C671A848626}"
EndProject
Project("{9A19103F-16F7-4668-BE54-9A1E7A4F7556}") = "ABFsharp", "..\..\ABFsharp\src\ABFsharp\ABFsharp.csproj", "{98AAA999-8FF9-4B6A-B2CC-C542727CC949}"
EndProject
Global
	GlobalSection(SolutionConfigurationPlatforms) = preSolution
		Debug|Any CPU = Debug|Any CPU
		Release|Any CPU = Release|Any CPU
	EndGlobalSection
	GlobalSection(ProjectConfigurationPlatforms) = postSolution
		{3378AA36-AABA-429F-96D8-9C671A848626}.Debug|Any CPU.ActiveCfg = Debug|Any CPU
		{3378AA36-AABA-429F-96D8-9C671A848626}.Debug|Any CPU.Build.0 = Debug|Any CPU
		{3378AA36-AABA-429F-96D8-9C671A848626}.Release|Any CPU.ActiveCfg = Release|Any CPU
		{3378AA36-AABA-429F-96D8-9C671A848626}.Release|Any CPU.Build.0 = Release|Any CPU
		{98AAA999-8FF9-4B6A-B2CC-C542727CC949}.Debug|Any CPU.ActiveCfg = Debug|Any CPU
		{98AAA999-8FF9-4B6A-B2CC-C542727CC949}.Debug|Any CPU.Build.0 = Debug|Any CPU
		{98AAA999-8FF9-4B6A-B2CC-C542727CC949}.Release|Any CPU.ActiveCfg = Release|Any CPU
		{98AAA999-8FF9-4B6A-B2CC-C542727CC949}.Release|Any CPU.Build.0 = Release|Any CPU
	EndGlobalSection
	GlobalSection(SolutionProperties) = preSolution
		HideSolutionNode = FALSE
	EndGlobalSection
	GlobalSection(ExtensibilityGlobals) = postSolution
		SolutionGuid = {5C3E699D-39A3-4AB5-9DA2-D5901F130E9F}
	EndGlobalSection
EndGlobal
